// !$*UTF8*$!
{
	archiveVersion = 1;
	classes = {
	};
	objectVersion = 46;
	objects = {

/* Begin PBXBuildFile section */
		CFC2630E1B6F264C003BEFC1 /* AppDelegate.swift in Sources */ = {isa = PBXBuildFile; fileRef = CFC2630D1B6F264C003BEFC1 /* AppDelegate.swift */; };
		CFC263101B6F264C003BEFC1 /* ViewController.swift in Sources */ = {isa = PBXBuildFile; fileRef = CFC2630F1B6F264C003BEFC1 /* ViewController.swift */; };
		CFC263131B6F264C003BEFC1 /* Main.storyboard in Resources */ = {isa = PBXBuildFile; fileRef = CFC263111B6F264C003BEFC1 /* Main.storyboard */; };
		CFC263151B6F264C003BEFC1 /* Assets.xcassets in Resources */ = {isa = PBXBuildFile; fileRef = CFC263141B6F264C003BEFC1 /* Assets.xcassets */; };
		CFC263181B6F264C003BEFC1 /* LaunchScreen.storyboard in Resources */ = {isa = PBXBuildFile; fileRef = CFC263161B6F264C003BEFC1 /* LaunchScreen.storyboard */; };
/* End PBXBuildFile section */

/* Begin PBXFileReference section */
		CFC2630A1B6F264C003BEFC1 /* Times Tables.app */ = {isa = PBXFileReference; explicitFileType = wrapper.application; includeInIndex = 0; path = "Times Tables.app"; sourceTree = BUILT_PRODUCTS_DIR; };
		CFC2630D1B6F264C003BEFC1 /* AppDelegate.swift */ = {isa = PBXFileReference; lastKnownFileType = sourcecode.swift; path = AppDelegate.swift; sourceTree = "<group>"; };
		CFC2630F1B6F264C003BEFC1 /* ViewController.swift */ = {isa = PBXFileReference; lastKnownFileType = sourcecode.swift; path = ViewController.swift; sourceTree = "<group>"; };
		CFC263121B6F264C003BEFC1 /* Base */ = {isa = PBXFileReference; lastKnownFileType = file.storyboard; name = Base; path = Base.lproj/Main.storyboard; sourceTree = "<group>"; };
		CFC263141B6F264C003BEFC1 /* Assets.xcassets */ = {isa = PBXFileReference; lastKnownFileType = folder.assetcatalog; path = Assets.xcassets; sourceTree = "<group>"; };
		CFC263171B6F264C003BEFC1 /* Base */ = {isa = PBXFileReference; lastKnownFileType = file.storyboard; name = Base; path = Base.lproj/LaunchScreen.storyboard; sourceTree = "<group>"; };
		CFC263191B6F264C003BEFC1 /* Info.plist */ = {isa = PBXFileReference; lastKnownFileType = text.plist.xml; path = Info.plist; sourceTree = "<group>"; };
/* End PBXFileReference section */

/* Begin PBXFrameworksBuildPhase section */
		CFC263071B6F264C003BEFC1 /* Frameworks */ = {
			isa = PBXFrameworksBuildPhase;
			buildActionMask = 2147483647;
			files = (
			);
			runOnlyForDeploymentPostprocessing = 0;
		};
/* End PBXFrameworksBuildPhase section */

/* Begin PBXGroup section */
		CFC263011B6F264C003BEFC1 = {
			isa = PBXGroup;
			children = (
				CFC2630C1B6F264C003BEFC1 /* Times Tables */,
				CFC2630B1B6F264C003BEFC1 /* Products */,
			);
			sourceTree = "<group>";
		};
		CFC2630B1B6F264C003BEFC1 /* Products */ = {
			isa = PBXGroup;
			children = (
				CFC2630A1B6F264C003BEFC1 /* Times Tables.app */,
			);
			name = Products;
			sourceTree = "<group>";
		};
		CFC2630C1B6F264C003BEFC1 /* Times Tables */ = {
			isa = PBXGroup;
			children = (
				CFC2630D1B6F264C003BEFC1 /* AppDelegate.swift */,
				CFC2630F1B6F264C003BEFC1 /* ViewController.swift */,
				CFC263111B6F264C003BEFC1 /* Main.storyboard */,
				CFC263141B6F264C003BEFC1 /* Assets.xcassets */,
				CFC263161B6F264C003BEFC1 /* LaunchScreen.storyboard */,
				CFC263191B6F264C003BEFC1 /* Info.plist */,
			);
			path = "Times Tables";
			sourceTree = "<group>";
		};
/* End PBXGroup section */

/* Begin PBXNativeTarget section */
		CFC263091B6F264C003BEFC1 /* Times Tables */ = {
			isa = PBXNativeTarget;
			buildConfigurationList = CFC2631C1B6F264C003BEFC1 /* Build configuration list for PBXNativeTarget "Times Tables" */;
			buildPhases = (
				CFC263061B6F264C003BEFC1 /* Sources */,
				CFC263071B6F264C003BEFC1 /* Frameworks */,
				CFC263081B6F264C003BEFC1 /* Resources */,
			);
			buildRules = (
			);
			dependencies = (
			);
			name = "Times Tables";
			productName = "Times Tables";
			productReference = CFC2630A1B6F264C003BEFC1 /* Times Tables.app */;
			productType = "com.apple.product-type.application";
		};
/* End PBXNativeTarget section */

/* Begin PBXProject section */
		CFC263021B6F264C003BEFC1 /* Project object */ = {
			isa = PBXProject;
			attributes = {
				LastUpgradeCheck = 0700;
				ORGANIZATIONNAME = "Jorge Gallardo";
				TargetAttributes = {
					CFC263091B6F264C003BEFC1 = {
						CreatedOnToolsVersion = 7.0;
						DevelopmentTeam = K47636V88C;
					};
				};
			};
			buildConfigurationList = CFC263051B6F264C003BEFC1 /* Build configuration list for PBXProject "Times Tables" */;
			compatibilityVersion = "Xcode 3.2";
			developmentRegion = English;
			hasScannedForEncodings = 0;
			knownRegions = (
				en,
				Base,
			);
			mainGroup = CFC263011B6F264C003BEFC1;
			productRefGroup = CFC2630B1B6F264C003BEFC1 /* Products */;
			projectDirPath = "";
			projectRoot = "";
			targets = (
				CFC263091B6F264C003BEFC1 /* Times Tables */,
			);
		};
/* End PBXProject section */

/* Begin PBXResourcesBuildPhase section */
		CFC263081B6F264C003BEFC1 /* Resources */ = {
			isa = PBXResourcesBuildPhase;
			buildActionMask = 2147483647;
			files = (
				CFC263181B6F264C003BEFC1 /* LaunchScreen.storyboard in Resources */,
				CFC263151B6F264C003BEFC1 /* Assets.xcassets in Resources */,
				CFC263131B6F264C003BEFC1 /* Main.storyboard in Resources */,
			);
			runOnlyForDeploymentPostprocessing = 0;
		};
/* End PBXResourcesBuildPhase section */

/* Begin PBXSourcesBuildPhase section */
		CFC263061B6F264C003BEFC1 /* Sources */ = {
			isa = PBXSourcesBuildPhase;
			buildActionMask = 2147483647;
			files = (
				CFC263101B6F264C003BEFC1 /* ViewController.swift in Sources */,
				CFC2630E1B6F264C003BEFC1 /* AppDelegate.swift in Sources */,
			);
			runOnlyForDeploymentPostprocessing = 0;
		};
/* End PBXSourcesBuildPhase section */

/* Begin PBXVariantGroup section */
		CFC263111B6F264C003BEFC1 /* Main.storyboard */ = {
			isa = PBXVariantGroup;
			children = (
				CFC263121B6F264C003BEFC1 /* Base */,
			);
			name = Main.storyboard;
			sourceTree = "<group>";
		};
		CFC263161B6F264C003BEFC1 /* LaunchScreen.storyboard */ = {
			isa = PBXVariantGroup;
			children = (
				CFC263171B6F264C003BEFC1 /* Base */,
			);
			name = LaunchScreen.storyboard;
			sourceTree = "<group>";
		};
/* End PBXVariantGroup section */

/* Begin XCBuildConfiguration section */
		CFC2631A1B6F264C003BEFC1 /* Debug */ = {
			isa = XCBuildConfiguration;
			buildSettings = {
				ALWAYS_SEARCH_USER_PATHS = NO;
				CLANG_CXX_LANGUAGE_STANDARD = "gnu++0x";
				CLANG_CXX_LIBRARY = "libc++";
				CLANG_ENABLE_MODULES = YES;
				CLANG_ENABLE_OBJC_ARC = YES;
				CLANG_WARN_BOOL_CONVERSION = YES;
				CLANG_WARN_CONSTANT_CONVERSION = YES;
				CLANG_WARN_DIRECT_OBJC_ISA_USAGE = YES_ERROR;
				CLANG_WARN_EMPTY_BODY = YES;
				CLANG_WARN_ENUM_CONVERSION = YES;
				CLANG_WARN_INT_CONVERSION = YES;
				CLANG_WARN_OBJC_ROOT_CLASS = YES_ERROR;
				CLANG_WARN_UNREACHABLE_CODE = YES;
				CLANG_WARN__DUPLICATE_METHOD_MATCH = YES;
				"CODE_SIGN_IDENTITY[sdk=iphoneos*]" = "iPhone Developer";
				COPY_PHASE_STRIP = NO;
				DEBUG_INFORMATION_FORMAT = dwarf;
				ENABLE_STRICT_OBJC_MSGSEND = YES;
				ENABLE_TESTABILITY = YES;
				GCC_C_LANGUAGE_STANDARD = gnu99;
				GCC_DYNAMIC_NO_PIC = NO;
				GCC_NO_COMMON_BLOCKS = YES;
				GCC_OPTIMIZATION_LEVEL = 0;
				GCC_PREPROCESSOR_DEFINITIONS = (
					"DEBUG=1",
					"$(inherited)",
				);
				GCC_WARN_64_TO_32_BIT_CONVERSION = YES;
				GCC_WARN_ABOUT_RETURN_TYPE = YES_ERROR;
				GCC_WARN_UNDECLARED_SELECTOR = YES;
				GCC_WARN_UNINITIALIZED_AUTOS = YES_AGGRESSIVE;
				GCC_WARN_UNUSED_FUNCTION = YES;
				GCC_WARN_UNUSED_VARIABLE = YES;
				IPHONEOS_DEPLOYMENT_TARGET = 9.0;
				MTL_ENABLE_DEBUG_INFO = YES;
				ONLY_ACTIVE_ARCH = YES;
				SDKROOT = iphoneos;
				SWIFT_OPTIMIZATION_LEVEL = "-Onone";
			};
			name = Debug;
		};
		CFC2631B1B6F264C003BEFC1 /* Release */ = {
			isa = XCBuildConfiguration;
			buildSettings = {
				ALWAYS_SEARCH_USER_PATHS = NO;
				CLANG_CXX_LANGUAGE_STANDARD = "gnu++0x";
				CLANG_CXX_LIBRARY = "libc++";
				CLANG_ENABLE_MODULES = YES;
				CLANG_ENABLE_OBJC_ARC = YES;
				CLANG_WARN_BOOL_CONVERSION = YES;
				CLANG_WARN_CONSTANT_CONVERSION = YES;
				CLANG_WARN_DIRECT_OBJC_ISA_USAGE = YES_ERROR;
				CLANG_WARN_EMPTY_BODY = YES;
				CLANG_WARN_ENUM_CONVERSION = YES;
				CLANG_WARN_INT_CONVERSION = YES;
				CLANG_WARN_OBJC_ROOT_CLASS = YES_ERROR;
				CLANG_WARN_UNREACHABLE_CODE = YES;
				CLANG_WARN__DUPLICATE_METHOD_MATCH = YES;
				"CODE_SIGN_IDENTITY[sdk=iphoneos*]" = "iPhone Developer";
				COPY_PHASE_STRIP = NO;
				DEBUG_INFORMATION_FORMAT = "dwarf-with-dsym";
				ENABLE_NS_ASSERTIONS = NO;
				ENABLE_STRICT_OBJC_MSGSEND = YES;
				GCC_C_LANGUAGE_STANDARD = gnu99;
				GCC_NO_COMMON_BLOCKS = YES;
				GCC_WARN_64_TO_32_BIT_CONVERSION = YES;
				GCC_WARN_ABOUT_RETURN_TYPE = YES_ERROR;
				GCC_WARN_UNDECLARED_SELECTOR = YES;
				GCC_WARN_UNINITIALIZED_AUTOS = YES_AGGRESSIVE;
				GCC_WARN_UNUSED_FUNCTION = YES;
				GCC_WARN_UNUSED_VARIABLE = YES;
				IPHONEOS_DEPLOYMENT_TARGET = 9.0;
				MTL_ENABLE_DEBUG_INFO = NO;
				SDKROOT = iphoneos;
				VALIDATE_PRODUCT = YES;
			};
			name = Release;
		};
		CFC2631D1B6F264C003BEFC1 /* Debug */ = {
			isa = XCBuildConfiguration;
			buildSettings = {
				ASSETCATALOG_COMPILER_APPICON_NAME = AppIcon;
				CODE_SIGN_IDENTITY = "iPhone Developer";
				"CODE_SIGN_IDENTITY[sdk=iphoneos*]" = "iPhone Developer";
				INFOPLIST_FILE = "Times Tables/Info.plist";
				IPHONEOS_DEPLOYMENT_TARGET = 8.4;
				LD_RUNPATH_SEARCH_PATHS = "$(inherited) @executable_path/Frameworks";
				PRODUCT_BUNDLE_IDENTIFIER = "com.gallardo.Times-Tables";
				PRODUCT_NAME = "$(TARGET_NAME)";
				PROVISIONING_PROFILE = "";
			};
			name = Debug;
		};
		CFC2631E1B6F264C003BEFC1 /* Release */ = {
			isa = XCBuildConfiguration;
			buildSettings = {
				ASSETCATALOG_COMPILER_APPICON_NAME = AppIcon;
				CODE_SIGN_IDENTITY = "iPhone Developer";
				"CODE_SIGN_IDENTITY[sdk=iphoneos*]" = "iPhone Developer";
				INFOPLIST_FILE = "Times Tables/Info.plist";
				IPHONEOS_DEPLOYMENT_TARGET = 8.4;
				LD_RUNPATH_SEARCH_PATHS = "$(inherited) @executable_path/Frameworks";
				PRODUCT_BUNDLE_IDENTIFIER = "com.gallardo.Times-Tables";
				PRODUCT_NAME = "$(TARGET_NAME)";
				PROVISIONING_PROFILE = "";
			};
			name = Release;
		};
/* End XCBuildConfiguration section */

/* Begin XCConfigurationList section */
		CFC263051B6F264C003BEFC1 /* Build configuration list for PBXProject "Times Tables" */ = {
			isa = XCConfigurationList;
			buildConfigurations = (
				CFC2631A1B6F264C003BEFC1 /* Debug */,
				CFC2631B1B6F264C003BEFC1 /* Release */,
			);
			defaultConfigurationIsVisible = 0;
			defaultConfigurationName = Release;
		};
		CFC2631C1B6F264C003BEFC1 /* Build configuration list for PBXNativeTarget "Times Tables" */ = {
			isa = XCConfigurationList;
			buildConfigurations = (
				CFC2631D1B6F264C003BEFC1 /* Debug */,
				CFC2631E1B6F264C003BEFC1 /* Release */,
			);
			defaultConfigurationIsVisible = 0;
		};
/* End XCConfigurationList section */
	};
	rootObject = CFC263021B6F264C003BEFC1 /* Project object */;
}
